
Microsoft Visual Studio Solution File, Format Version 11.00
# Visual Studio 2010
Project("{8BC9CEB8-8B4A-11D0-8D11-00A0C91BC942}") = "Path_Sum", "Path_Sum\Path_Sum.vcxproj", "{E42601D5-61AC-4DFD-A925-5D71D1BD1515}"
EndProject
Global
	GlobalSection(SolutionConfigurationPlatforms) = preSolution
		Debug|Win32 = Debug|Win32
		Release|Win32 = Release|Win32
	EndGlobalSection
	GlobalSection(ProjectConfigurationPlatforms) = postSolution
		{E42601D5-61AC-4DFD-A925-5D71D1BD1515}.Debug|Win32.ActiveCfg = Debug|Win32
		{E42601D5-61AC-4DFD-A925-5D71D1BD1515}.Debug|Win32.Build.0 = Debug|Win32
		{E42601D5-61AC-4DFD-A925-5D71D1BD1515}.Release|Win32.ActiveCfg = Release|Win32
		{E42601D5-61AC-4DFD-A925-5D71D1BD1515}.Release|Win32.Build.0 = Release|Win32
	EndGlobalSection
	GlobalSection(SolutionProperties) = preSolution
		HideSolutionNode = FALSE
	EndGlobalSection
EndGlobal
