
Microsoft Visual Studio Solution File, Format Version 11.00
# Visual Studio 2010
Project("{8BC9CEB8-8B4A-11D0-8D11-00A0C91BC942}") = "MinDepth_BinaryTree", "MinDepth_BinaryTree\MinDepth_BinaryTree.vcxproj", "{C59B1290-717B-47A4-AC3B-AA1CC9997990}"
EndProject
Global
	GlobalSection(SolutionConfigurationPlatforms) = preSolution
		Debug|Win32 = Debug|Win32
		Release|Win32 = Release|Win32
	EndGlobalSection
	GlobalSection(ProjectConfigurationPlatforms) = postSolution
		{C59B1290-717B-47A4-AC3B-AA1CC9997990}.Debug|Win32.ActiveCfg = Debug|Win32
		{C59B1290-717B-47A4-AC3B-AA1CC9997990}.Debug|Win32.Build.0 = Debug|Win32
		{C59B1290-717B-47A4-AC3B-AA1CC9997990}.Release|Win32.ActiveCfg = Release|Win32
		{C59B1290-717B-47A4-AC3B-AA1CC9997990}.Release|Win32.Build.0 = Release|Win32
	EndGlobalSection
	GlobalSection(SolutionProperties) = preSolution
		HideSolutionNode = FALSE
	EndGlobalSection
EndGlobal
