
Microsoft Visual Studio Solution File, Format Version 11.00
# Visual Studio 2010
Project("{8BC9CEB8-8B4A-11D0-8D11-00A0C91BC942}") = "Valid Palindrome", "Valid Palindrome\Valid Palindrome.vcxproj", "{D8DB6599-6E1B-4D29-8F15-74D6F0BDAE9B}"
EndProject
Global
	GlobalSection(SolutionConfigurationPlatforms) = preSolution
		Debug|Win32 = Debug|Win32
		Release|Win32 = Release|Win32
	EndGlobalSection
	GlobalSection(ProjectConfigurationPlatforms) = postSolution
		{D8DB6599-6E1B-4D29-8F15-74D6F0BDAE9B}.Debug|Win32.ActiveCfg = Debug|Win32
		{D8DB6599-6E1B-4D29-8F15-74D6F0BDAE9B}.Debug|Win32.Build.0 = Debug|Win32
		{D8DB6599-6E1B-4D29-8F15-74D6F0BDAE9B}.Release|Win32.ActiveCfg = Release|Win32
		{D8DB6599-6E1B-4D29-8F15-74D6F0BDAE9B}.Release|Win32.Build.0 = Release|Win32
	EndGlobalSection
	GlobalSection(SolutionProperties) = preSolution
		HideSolutionNode = FALSE
	EndGlobalSection
EndGlobal
